
Microsoft Visual Studio Solution File, Format Version 12.00
# Visual Studio Version 17
VisualStudioVersion = 17.7.34031.279
MinimumVisualStudioVersion = 10.0.40219.1
Project("{FAE04EC0-301F-11D3-BF4B-00C04F79EFBC}") = "Lab4 I 4.1", "Lab4 I 4.1\Lab4 I 4.1.csproj", "{213EA724-7144-477B-998E-8BD8A2F7800C}"
EndProject
Project("{FAE04EC0-301F-11D3-BF4B-00C04F79EFBC}") = "Lab4 I 4.2", "..\Lab4 I 4.2\Lab4 I 4.2.csproj", "{58AEA440-1B6F-469E-B896-525312C9505B}"
EndProject
Project("{FAE04EC0-301F-11D3-BF4B-00C04F79EFBC}") = "Lab4 I 4.3", "..\Lab4 I 4.3\Lab4 I 4.3.csproj", "{E2FEA2A9-E782-421B-814D-9F985B736170}"
EndProject
Project("{FAE04EC0-301F-11D3-BF4B-00C04F79EFBC}") = "Lab4 I 4.4", "..\Lab4 I 4.4\Lab4 I 4.4.csproj", "{A43D3824-A8F6-4B14-A480-2F8800EAF0C6}"
EndProject
Project("{FAE04EC0-301F-11D3-BF4B-00C04F79EFBC}") = "Lab4 I 4.5", "..\Lab4 I 4.5\Lab4 I 4.5.csproj", "{6D9851B4-FA2D-4ED9-BF75-27E537FFCDBE}"
EndProject
Project("{FAE04EC0-301F-11D3-BF4B-00C04F79EFBC}") = "Lab4 II 4.1", "..\Lab4 II 4.1\Lab4 II 4.1.csproj", "{A789AB19-EB87-4CE3-8E4A-8C3F284E3E0C}"
EndProject
Project("{FAE04EC0-301F-11D3-BF4B-00C04F79EFBC}") = "Lab4 II 4.2", "..\Lab4 II 4.2\Lab4 II 4.2.csproj", "{A6E355E0-DBE0-44AD-AC5F-6303B70E1F2A}"
EndProject
Project("{FAE04EC0-301F-11D3-BF4B-00C04F79EFBC}") = "Lab4 II 4.3", "..\Lab4 II 4.3\Lab4 II 4.3.csproj", "{28FBEAEE-168B-4AB6-877B-7CEBDA6D34F2}"
EndProject
Project("{FAE04EC0-301F-11D3-BF4B-00C04F79EFBC}") = "test", "..\test\test.csproj", "{D3A53E08-53D4-43E5-B4F8-2B23E7AFFD3D}"
EndProject
Global
	GlobalSection(SolutionConfigurationPlatforms) = preSolution
		Debug|Any CPU = Debug|Any CPU
		Release|Any CPU = Release|Any CPU
	EndGlobalSection
	GlobalSection(ProjectConfigurationPlatforms) = postSolution
		{213EA724-7144-477B-998E-8BD8A2F7800C}.Debug|Any CPU.ActiveCfg = Debug|Any CPU
		{213EA724-7144-477B-998E-8BD8A2F7800C}.Debug|Any CPU.Build.0 = Debug|Any CPU
		{213EA724-7144-477B-998E-8BD8A2F7800C}.Release|Any CPU.ActiveCfg = Release|Any CPU
		{213EA724-7144-477B-998E-8BD8A2F7800C}.Release|Any CPU.Build.0 = Release|Any CPU
		{58AEA440-1B6F-469E-B896-525312C9505B}.Debug|Any CPU.ActiveCfg = Debug|Any CPU
		{58AEA440-1B6F-469E-B896-525312C9505B}.Debug|Any CPU.Build.0 = Debug|Any CPU
		{58AEA440-1B6F-469E-B896-525312C9505B}.Release|Any CPU.ActiveCfg = Release|Any CPU
		{58AEA440-1B6F-469E-B896-525312C9505B}.Release|Any CPU.Build.0 = Release|Any CPU
		{E2FEA2A9-E782-421B-814D-9F985B736170}.Debug|Any CPU.ActiveCfg = Debug|Any CPU
		{E2FEA2A9-E782-421B-814D-9F985B736170}.Debug|Any CPU.Build.0 = Debug|Any CPU
		{E2FEA2A9-E782-421B-814D-9F985B736170}.Release|Any CPU.ActiveCfg = Release|Any CPU
		{E2FEA2A9-E782-421B-814D-9F985B736170}.Release|Any CPU.Build.0 = Release|Any CPU
		{A43D3824-A8F6-4B14-A480-2F8800EAF0C6}.Debug|Any CPU.ActiveCfg = Debug|Any CPU
		{A43D3824-A8F6-4B14-A480-2F8800EAF0C6}.Debug|Any CPU.Build.0 = Debug|Any CPU
		{A43D3824-A8F6-4B14-A480-2F8800EAF0C6}.Release|Any CPU.ActiveCfg = Release|Any CPU
		{A43D3824-A8F6-4B14-A480-2F8800EAF0C6}.Release|Any CPU.Build.0 = Release|Any CPU
		{6D9851B4-FA2D-4ED9-BF75-27E537FFCDBE}.Debug|Any CPU.ActiveCfg = Debug|Any CPU
		{6D9851B4-FA2D-4ED9-BF75-27E537FFCDBE}.Debug|Any CPU.Build.0 = Debug|Any CPU
		{6D9851B4-FA2D-4ED9-BF75-27E537FFCDBE}.Release|Any CPU.ActiveCfg = Release|Any CPU
		{6D9851B4-FA2D-4ED9-BF75-27E537FFCDBE}.Release|Any CPU.Build.0 = Release|Any CPU
		{A789AB19-EB87-4CE3-8E4A-8C3F284E3E0C}.Debug|Any CPU.ActiveCfg = Debug|Any CPU
		{A789AB19-EB87-4CE3-8E4A-8C3F284E3E0C}.Debug|Any CPU.Build.0 = Debug|Any CPU
		{A789AB19-EB87-4CE3-8E4A-8C3F284E3E0C}.Release|Any CPU.ActiveCfg = Release|Any CPU
		{A789AB19-EB87-4CE3-8E4A-8C3F284E3E0C}.Release|Any CPU.Build.0 = Release|Any CPU
		{A6E355E0-DBE0-44AD-AC5F-6303B70E1F2A}.Debug|Any CPU.ActiveCfg = Debug|Any CPU
		{A6E355E0-DBE0-44AD-AC5F-6303B70E1F2A}.Debug|Any CPU.Build.0 = Debug|Any CPU
		{A6E355E0-DBE0-44AD-AC5F-6303B70E1F2A}.Release|Any CPU.ActiveCfg = Release|Any CPU
		{A6E355E0-DBE0-44AD-AC5F-6303B70E1F2A}.Release|Any CPU.Build.0 = Release|Any CPU
		{28FBEAEE-168B-4AB6-877B-7CEBDA6D34F2}.Debug|Any CPU.ActiveCfg = Debug|Any CPU
		{28FBEAEE-168B-4AB6-877B-7CEBDA6D34F2}.Debug|Any CPU.Build.0 = Debug|Any CPU
		{28FBEAEE-168B-4AB6-877B-7CEBDA6D34F2}.Release|Any CPU.ActiveCfg = Release|Any CPU
		{28FBEAEE-168B-4AB6-877B-7CEBDA6D34F2}.Release|Any CPU.Build.0 = Release|Any CPU
		{D3A53E08-53D4-43E5-B4F8-2B23E7AFFD3D}.Debug|Any CPU.ActiveCfg = Debug|Any CPU
		{D3A53E08-53D4-43E5-B4F8-2B23E7AFFD3D}.Debug|Any CPU.Build.0 = Debug|Any CPU
		{D3A53E08-53D4-43E5-B4F8-2B23E7AFFD3D}.Release|Any CPU.ActiveCfg = Release|Any CPU
		{D3A53E08-53D4-43E5-B4F8-2B23E7AFFD3D}.Release|Any CPU.Build.0 = Release|Any CPU
	EndGlobalSection
	GlobalSection(SolutionProperties) = preSolution
		HideSolutionNode = FALSE
	EndGlobalSection
	GlobalSection(ExtensibilityGlobals) = postSolution
		SolutionGuid = {41AD5123-0FB9-4D08-A762-D5A0C8FFD6C1}
	EndGlobalSection
EndGlobal
